// !$*UTF8*$!
{
	archiveVersion = 1;
	classes = {
	};
	objectVersion = 46;
	objects = {

/* Begin PBXBuildFile section */
		7B74DFF01B6B412F00A22D2D /* main.m in Sources */ = {isa = PBXBuildFile; fileRef = 7B74DFEF1B6B412F00A22D2D /* main.m */; };
		7B74DFF31B6B412F00A22D2D /* AppDelegate.m in Sources */ = {isa = PBXBuildFile; fileRef = 7B74DFF21B6B412F00A22D2D /* AppDelegate.m */; };
		7B74DFFB1B6B412F00A22D2D /* Images.xcassets in Resources */ = {isa = PBXBuildFile; fileRef = 7B74DFFA1B6B412F00A22D2D /* Images.xcassets */; };
		7B74DFFE1B6B412F00A22D2D /* LaunchScreen.xib in Resources */ = {isa = PBXBuildFile; fileRef = 7B74DFFC1B6B412F00A22D2D /* LaunchScreen.xib */; };
		7B74E00A1B6B412F00A22D2D /* MultiSelectExampleTests.m in Sources */ = {isa = PBXBuildFile; fileRef = 7B74E0091B6B412F00A22D2D /* MultiSelectExampleTests.m */; };
		7B74E01C1B6B414200A22D2D /* cancel@3x.png in Resources */ = {isa = PBXBuildFile; fileRef = 7B74E0141B6B414200A22D2D /* cancel@3x.png */; };
		7B74E01D1B6B414200A22D2D /* MultiSelectCell.m in Sources */ = {isa = PBXBuildFile; fileRef = 7B74E0161B6B414200A22D2D /* MultiSelectCell.m */; };
		7B74E01E1B6B414200A22D2D /* MultiSelectController.m in Sources */ = {isa = PBXBuildFile; fileRef = 7B74E0181B6B414200A22D2D /* MultiSelectController.m */; };
		7B74E01F1B6B414200A22D2D /* MultiSelectFlowLayout.m in Sources */ = {isa = PBXBuildFile; fileRef = 7B74E01A1B6B414200A22D2D /* MultiSelectFlowLayout.m */; };
		7B74E0201B6B414200A22D2D /* MultiSelectStoryBoard.storyboard in Resources */ = {isa = PBXBuildFile; fileRef = 7B74E01B1B6B414200A22D2D /* MultiSelectStoryBoard.storyboard */; };
		7B74E0241B6B415C00A22D2D /* ViewController.m in Sources */ = {isa = PBXBuildFile; fileRef = 7B74E0221B6B415C00A22D2D /* ViewController.m */; };
		7B74E0251B6B415C00A22D2D /* Main.storyboard in Resources */ = {isa = PBXBuildFile; fileRef = 7B74E0231B6B415C00A22D2D /* Main.storyboard */; };
/* End PBXBuildFile section */

/* Begin PBXContainerItemProxy section */
		7B74E0041B6B412F00A22D2D /* PBXContainerItemProxy */ = {
			isa = PBXContainerItemProxy;
			containerPortal = 7B74DFE21B6B412F00A22D2D /* Project object */;
			proxyType = 1;
			remoteGlobalIDString = 7B74DFE91B6B412F00A22D2D;
			remoteInfo = MultiSelectExample;
		};
/* End PBXContainerItemProxy section */

/* Begin PBXFileReference section */
		7B74DFEA1B6B412F00A22D2D /* MultiSelectExample.app */ = {isa = PBXFileReference; explicitFileType = wrapper.application; includeInIndex = 0; path = MultiSelectExample.app; sourceTree = BUILT_PRODUCTS_DIR; };
		7B74DFEE1B6B412F00A22D2D /* Info.plist */ = {isa = PBXFileReference; lastKnownFileType = text.plist.xml; path = Info.plist; sourceTree = "<group>"; };
		7B74DFEF1B6B412F00A22D2D /* main.m */ = {isa = PBXFileReference; lastKnownFileType = sourcecode.c.objc; path = main.m; sourceTree = "<group>"; };
		7B74DFF11B6B412F00A22D2D /* AppDelegate.h */ = {isa = PBXFileReference; lastKnownFileType = sourcecode.c.h; path = AppDelegate.h; sourceTree = "<group>"; };
		7B74DFF21B6B412F00A22D2D /* AppDelegate.m */ = {isa = PBXFileReference; lastKnownFileType = sourcecode.c.objc; path = AppDelegate.m; sourceTree = "<group>"; };
		7B74DFFA1B6B412F00A22D2D /* Images.xcassets */ = {isa = PBXFileReference; lastKnownFileType = folder.assetcatalog; path = Images.xcassets; sourceTree = "<group>"; };
		7B74DFFD1B6B412F00A22D2D /* Base */ = {isa = PBXFileReference; lastKnownFileType = file.xib; name = Base; path = Base.lproj/LaunchScreen.xib; sourceTree = "<group>"; };
		7B74E0031B6B412F00A22D2D /* MultiSelectExampleTests.xctest */ = {isa = PBXFileReference; explicitFileType = wrapper.cfbundle; includeInIndex = 0; path = MultiSelectExampleTests.xctest; sourceTree = BUILT_PRODUCTS_DIR; };
		7B74E0081B6B412F00A22D2D /* Info.plist */ = {isa = PBXFileReference; lastKnownFileType = text.plist.xml; path = Info.plist; sourceTree = "<group>"; };
		7B74E0091B6B412F00A22D2D /* MultiSelectExampleTests.m */ = {isa = PBXFileReference; lastKnownFileType = sourcecode.c.objc; path = MultiSelectExampleTests.m; sourceTree = "<group>"; };
		7B74E0141B6B414200A22D2D /* cancel@3x.png */ = {isa = PBXFileReference; lastKnownFileType = image.png; path = "cancel@3x.png"; sourceTree = "<group>"; };
		7B74E0151B6B414200A22D2D /* MultiSelectCell.h */ = {isa = PBXFileReference; fileEncoding = 4; lastKnownFileType = sourcecode.c.h; path = MultiSelectCell.h; sourceTree = "<group>"; };
		7B74E0161B6B414200A22D2D /* MultiSelectCell.m */ = {isa = PBXFileReference; fileEncoding = 4; lastKnownFileType = sourcecode.c.objc; path = MultiSelectCell.m; sourceTree = "<group>"; };
		7B74E0171B6B414200A22D2D /* MultiSelectController.h */ = {isa = PBXFileReference; fileEncoding = 4; lastKnownFileType = sourcecode.c.h; path = MultiSelectController.h; sourceTree = "<group>"; };
		7B74E0181B6B414200A22D2D /* MultiSelectController.m */ = {isa = PBXFileReference; fileEncoding = 4; lastKnownFileType = sourcecode.c.objc; path = MultiSelectController.m; sourceTree = "<group>"; };
		7B74E0191B6B414200A22D2D /* MultiSelectFlowLayout.h */ = {isa = PBXFileReference; fileEncoding = 4; lastKnownFileType = sourcecode.c.h; path = MultiSelectFlowLayout.h; sourceTree = "<group>"; };
		7B74E01A1B6B414200A22D2D /* MultiSelectFlowLayout.m */ = {isa = PBXFileReference; fileEncoding = 4; lastKnownFileType = sourcecode.c.objc; path = MultiSelectFlowLayout.m; sourceTree = "<group>"; };
		7B74E01B1B6B414200A22D2D /* MultiSelectStoryBoard.storyboard */ = {isa = PBXFileReference; fileEncoding = 4; lastKnownFileType = file.storyboard; path = MultiSelectStoryBoard.storyboard; sourceTree = "<group>"; };
		7B74E0211B6B415C00A22D2D /* ViewController.h */ = {isa = PBXFileReference; fileEncoding = 4; lastKnownFileType = sourcecode.c.h; path = ViewController.h; sourceTree = "<group>"; };
		7B74E0221B6B415C00A22D2D /* ViewController.m */ = {isa = PBXFileReference; fileEncoding = 4; lastKnownFileType = sourcecode.c.objc; path = ViewController.m; sourceTree = "<group>"; };
		7B74E0231B6B415C00A22D2D /* Main.storyboard */ = {isa = PBXFileReference; fileEncoding = 4; lastKnownFileType = file.storyboard; path = Main.storyboard; sourceTree = "<group>"; };
/* End PBXFileReference section */

/* Begin PBXFrameworksBuildPhase section */
		7B74DFE71B6B412F00A22D2D /* Frameworks */ = {
			isa = PBXFrameworksBuildPhase;
			buildActionMask = 2147483647;
			files = (
			);
			runOnlyForDeploymentPostprocessing = 0;
		};
		7B74E0001B6B412F00A22D2D /* Frameworks */ = {
			isa = PBXFrameworksBuildPhase;
			buildActionMask = 2147483647;
			files = (
			);
			runOnlyForDeploymentPostprocessing = 0;
		};
/* End PBXFrameworksBuildPhase section */

/* Begin PBXGroup section */
		7B74DFE11B6B412F00A22D2D = {
			isa = PBXGroup;
			children = (
				7B74E0131B6B414200A22D2D /* MultiSelectController */,
				7B74DFEC1B6B412F00A22D2D /* MultiSelectExample */,
				7B74E0061B6B412F00A22D2D /* MultiSelectExampleTests */,
				7B74DFEB1B6B412F00A22D2D /* Products */,
			);
			sourceTree = "<group>";
		};
		7B74DFEB1B6B412F00A22D2D /* Products */ = {
			isa = PBXGroup;
			children = (
				7B74DFEA1B6B412F00A22D2D /* MultiSelectExample.app */,
				7B74E0031B6B412F00A22D2D /* MultiSelectExampleTests.xctest */,
			);
			name = Products;
			sourceTree = "<group>";
		};
		7B74DFEC1B6B412F00A22D2D /* MultiSelectExample */ = {
			isa = PBXGroup;
			children = (
				7B74DFF11B6B412F00A22D2D /* AppDelegate.h */,
				7B74DFF21B6B412F00A22D2D /* AppDelegate.m */,
				7B74E0211B6B415C00A22D2D /* ViewController.h */,
				7B74E0221B6B415C00A22D2D /* ViewController.m */,
				7B74E0231B6B415C00A22D2D /* Main.storyboard */,
				7B74DFFA1B6B412F00A22D2D /* Images.xcassets */,
				7B74DFFC1B6B412F00A22D2D /* LaunchScreen.xib */,
				7B74DFED1B6B412F00A22D2D /* Supporting Files */,
			);
			path = MultiSelectExample;
			sourceTree = "<group>";
		};
		7B74DFED1B6B412F00A22D2D /* Supporting Files */ = {
			isa = PBXGroup;
			children = (
				7B74DFEE1B6B412F00A22D2D /* Info.plist */,
				7B74DFEF1B6B412F00A22D2D /* main.m */,
			);
			name = "Supporting Files";
			sourceTree = "<group>";
		};
		7B74E0061B6B412F00A22D2D /* MultiSelectExampleTests */ = {
			isa = PBXGroup;
			children = (
				7B74E0091B6B412F00A22D2D /* MultiSelectExampleTests.m */,
				7B74E0071B6B412F00A22D2D /* Supporting Files */,
			);
			path = MultiSelectExampleTests;
			sourceTree = "<group>";
		};
		7B74E0071B6B412F00A22D2D /* Supporting Files */ = {
			isa = PBXGroup;
			children = (
				7B74E0081B6B412F00A22D2D /* Info.plist */,
			);
			name = "Supporting Files";
			sourceTree = "<group>";
		};
		7B74E0131B6B414200A22D2D /* MultiSelectController */ = {
			isa = PBXGroup;
			children = (
				7B74E0141B6B414200A22D2D /* cancel@3x.png */,
				7B74E0151B6B414200A22D2D /* MultiSelectCell.h */,
				7B74E0161B6B414200A22D2D /* MultiSelectCell.m */,
				7B74E0171B6B414200A22D2D /* MultiSelectController.h */,
				7B74E0181B6B414200A22D2D /* MultiSelectController.m */,
				7B74E0191B6B414200A22D2D /* MultiSelectFlowLayout.h */,
				7B74E01A1B6B414200A22D2D /* MultiSelectFlowLayout.m */,
				7B74E01B1B6B414200A22D2D /* MultiSelectStoryBoard.storyboard */,
			);
			name = MultiSelectController;
			path = ../MultiSelectController;
			sourceTree = "<group>";
		};
/* End PBXGroup section */

/* Begin PBXNativeTarget section */
		7B74DFE91B6B412F00A22D2D /* MultiSelectExample */ = {
			isa = PBXNativeTarget;
			buildConfigurationList = 7B74E00D1B6B412F00A22D2D /* Build configuration list for PBXNativeTarget "MultiSelectExample" */;
			buildPhases = (
				7B74DFE61B6B412F00A22D2D /* Sources */,
				7B74DFE71B6B412F00A22D2D /* Frameworks */,
				7B74DFE81B6B412F00A22D2D /* Resources */,
			);
			buildRules = (
			);
			dependencies = (
			);
			name = MultiSelectExample;
			productName = MultiSelectExample;
			productReference = 7B74DFEA1B6B412F00A22D2D /* MultiSelectExample.app */;
			productType = "com.apple.product-type.application";
		};
		7B74E0021B6B412F00A22D2D /* MultiSelectExampleTests */ = {
			isa = PBXNativeTarget;
			buildConfigurationList = 7B74E0101B6B412F00A22D2D /* Build configuration list for PBXNativeTarget "MultiSelectExampleTests" */;
			buildPhases = (
				7B74DFFF1B6B412F00A22D2D /* Sources */,
				7B74E0001B6B412F00A22D2D /* Frameworks */,
				7B74E0011B6B412F00A22D2D /* Resources */,
			);
			buildRules = (
			);
			dependencies = (
				7B74E0051B6B412F00A22D2D /* PBXTargetDependency */,
			);
			name = MultiSelectExampleTests;
			productName = MultiSelectExampleTests;
			productReference = 7B74E0031B6B412F00A22D2D /* MultiSelectExampleTests.xctest */;
			productType = "com.apple.product-type.bundle.unit-test";
		};
/* End PBXNativeTarget section */

/* Begin PBXProject section */
		7B74DFE21B6B412F00A22D2D /* Project object */ = {
			isa = PBXProject;
			attributes = {
				LastUpgradeCheck = 0640;
				ORGANIZATIONNAME = "Darshan Patel";
				TargetAttributes = {
					7B74DFE91B6B412F00A22D2D = {
						CreatedOnToolsVersion = 6.4;
					};
					7B74E0021B6B412F00A22D2D = {
						CreatedOnToolsVersion = 6.4;
						TestTargetID = 7B74DFE91B6B412F00A22D2D;
					};
				};
			};
			buildConfigurationList = 7B74DFE51B6B412F00A22D2D /* Build configuration list for PBXProject "MultiSelectExample" */;
			compatibilityVersion = "Xcode 3.2";
			developmentRegion = English;
			hasScannedForEncodings = 0;
			knownRegions = (
				en,
				Base,
			);
			mainGroup = 7B74DFE11B6B412F00A22D2D;
			productRefGroup = 7B74DFEB1B6B412F00A22D2D /* Products */;
			projectDirPath = "";
			projectRoot = "";
			targets = (
				7B74DFE91B6B412F00A22D2D /* MultiSelectExample */,
				7B74E0021B6B412F00A22D2D /* MultiSelectExampleTests */,
			);
		};
/* End PBXProject section */

/* Begin PBXResourcesBuildPhase section */
		7B74DFE81B6B412F00A22D2D /* Resources */ = {
			isa = PBXResourcesBuildPhase;
			buildActionMask = 2147483647;
			files = (
				7B74E01C1B6B414200A22D2D /* cancel@3x.png in Resources */,
				7B74E0251B6B415C00A22D2D /* Main.storyboard in Resources */,
				7B74DFFE1B6B412F00A22D2D /* LaunchScreen.xib in Resources */,
				7B74DFFB1B6B412F00A22D2D /* Images.xcassets in Resources */,
				7B74E0201B6B414200A22D2D /* MultiSelectStoryBoard.storyboard in Resources */,
			);
			runOnlyForDeploymentPostprocessing = 0;
		};
		7B74E0011B6B412F00A22D2D /* Resources */ = {
			isa = PBXResourcesBuildPhase;
			buildActionMask = 2147483647;
			files = (
			);
			runOnlyForDeploymentPostprocessing = 0;
		};
/* End PBXResourcesBuildPhase section */

/* Begin PBXSourcesBuildPhase section */
		7B74DFE61B6B412F00A22D2D /* Sources */ = {
			isa = PBXSourcesBuildPhase;
			buildActionMask = 2147483647;
			files = (
				7B74E0241B6B415C00A22D2D /* ViewController.m in Sources */,
				7B74DFF31B6B412F00A22D2D /* AppDelegate.m in Sources */,
				7B74E01E1B6B414200A22D2D /* MultiSelectController.m in Sources */,
				7B74DFF01B6B412F00A22D2D /* main.m in Sources */,
				7B74E01D1B6B414200A22D2D /* MultiSelectCell.m in Sources */,
				7B74E01F1B6B414200A22D2D /* MultiSelectFlowLayout.m in Sources */,
			);
			runOnlyForDeploymentPostprocessing = 0;
		};
		7B74DFFF1B6B412F00A22D2D /* Sources */ = {
			isa = PBXSourcesBuildPhase;
			buildActionMask = 2147483647;
			files = (
				7B74E00A1B6B412F00A22D2D /* MultiSelectExampleTests.m in Sources */,
			);
			runOnlyForDeploymentPostprocessing = 0;
		};
/* End PBXSourcesBuildPhase section */

/* Begin PBXTargetDependency section */
		7B74E0051B6B412F00A22D2D /* PBXTargetDependency */ = {
			isa = PBXTargetDependency;
			target = 7B74DFE91B6B412F00A22D2D /* MultiSelectExample */;
			targetProxy = 7B74E0041B6B412F00A22D2D /* PBXContainerItemProxy */;
		};
/* End PBXTargetDependency section */

/* Begin PBXVariantGroup section */
		7B74DFFC1B6B412F00A22D2D /* LaunchScreen.xib */ = {
			isa = PBXVariantGroup;
			children = (
				7B74DFFD1B6B412F00A22D2D /* Base */,
			);
			name = LaunchScreen.xib;
			sourceTree = "<group>";
		};
/* End PBXVariantGroup section */

/* Begin XCBuildConfiguration section */
		7B74E00B1B6B412F00A22D2D /* Debug */ = {
			isa = XCBuildConfiguration;
			buildSettings = {
				ALWAYS_SEARCH_USER_PATHS = NO;
				CLANG_CXX_LANGUAGE_STANDARD = "gnu++0x";
				CLANG_CXX_LIBRARY = "libc++";
				CLANG_ENABLE_MODULES = YES;
				CLANG_ENABLE_OBJC_ARC = YES;
				CLANG_WARN_BOOL_CONVERSION = YES;
				CLANG_WARN_CONSTANT_CONVERSION = YES;
				CLANG_WARN_DIRECT_OBJC_ISA_USAGE = YES_ERROR;
				CLANG_WARN_EMPTY_BODY = YES;
				CLANG_WARN_ENUM_CONVERSION = YES;
				CLANG_WARN_INT_CONVERSION = YES;
				CLANG_WARN_OBJC_ROOT_CLASS = YES_ERROR;
				CLANG_WARN_UNREACHABLE_CODE = YES;
				CLANG_WARN__DUPLICATE_METHOD_MATCH = YES;
				"CODE_SIGN_IDENTITY[sdk=iphoneos*]" = "iPhone Developer";
				COPY_PHASE_STRIP = NO;
				DEBUG_INFORMATION_FORMAT = "dwarf-with-dsym";
				ENABLE_STRICT_OBJC_MSGSEND = YES;
				GCC_C_LANGUAGE_STANDARD = gnu99;
				GCC_DYNAMIC_NO_PIC = NO;
				GCC_NO_COMMON_BLOCKS = YES;
				GCC_OPTIMIZATION_LEVEL = 0;
				GCC_PREPROCESSOR_DEFINITIONS = (
					"DEBUG=1",
					"$(inherited)",
				);
				GCC_SYMBOLS_PRIVATE_EXTERN = NO;
				GCC_WARN_64_TO_32_BIT_CONVERSION = YES;
				GCC_WARN_ABOUT_RETURN_TYPE = YES_ERROR;
				GCC_WARN_UNDECLARED_SELECTOR = YES;
				GCC_WARN_UNINITIALIZED_AUTOS = YES_AGGRESSIVE;
				GCC_WARN_UNUSED_FUNCTION = YES;
				GCC_WARN_UNUSED_VARIABLE = YES;
				IPHONEOS_DEPLOYMENT_TARGET = 8.4;
				MTL_ENABLE_DEBUG_INFO = YES;
				ONLY_ACTIVE_ARCH = YES;
				SDKROOT = iphoneos;
			};
			name = Debug;
		};
		7B74E00C1B6B412F00A22D2D /* Release */ = {
			isa = XCBuildConfiguration;
			buildSettings = {
				ALWAYS_SEARCH_USER_PATHS = NO;
				CLANG_CXX_LANGUAGE_STANDARD = "gnu++0x";
				CLANG_CXX_LIBRARY = "libc++";
				CLANG_ENABLE_MODULES = YES;
				CLANG_ENABLE_OBJC_ARC = YES;
				CLANG_WARN_BOOL_CONVERSION = YES;
				CLANG_WARN_CONSTANT_CONVERSION = YES;
				CLANG_WARN_DIRECT_OBJC_ISA_USAGE = YES_ERROR;
				CLANG_WARN_EMPTY_BODY = YES;
				CLANG_WARN_ENUM_CONVERSION = YES;
				CLANG_WARN_INT_CONVERSION = YES;
				CLANG_WARN_OBJC_ROOT_CLASS = YES_ERROR;
				CLANG_WARN_UNREACHABLE_CODE = YES;
				CLANG_WARN__DUPLICATE_METHOD_MATCH = YES;
				"CODE_SIGN_IDENTITY[sdk=iphoneos*]" = "iPhone Developer";
				COPY_PHASE_STRIP = NO;
				DEBUG_INFORMATION_FORMAT = "dwarf-with-dsym";
				ENABLE_NS_ASSERTIONS = NO;
				ENABLE_STRICT_OBJC_MSGSEND = YES;
				GCC_C_LANGUAGE_STANDARD = gnu99;
				GCC_NO_COMMON_BLOCKS = YES;
				GCC_WARN_64_TO_32_BIT_CONVERSION = YES;
				GCC_WARN_ABOUT_RETURN_TYPE = YES_ERROR;
				GCC_WARN_UNDECLARED_SELECTOR = YES;
				GCC_WARN_UNINITIALIZED_AUTOS = YES_AGGRESSIVE;
				GCC_WARN_UNUSED_FUNCTION = YES;
				GCC_WARN_UNUSED_VARIABLE = YES;
				IPHONEOS_DEPLOYMENT_TARGET = 8.4;
				MTL_ENABLE_DEBUG_INFO = NO;
				SDKROOT = iphoneos;
				VALIDATE_PRODUCT = YES;
			};
			name = Release;
		};
		7B74E00E1B6B412F00A22D2D /* Debug */ = {
			isa = XCBuildConfiguration;
			buildSettings = {
				ASSETCATALOG_COMPILER_APPICON_NAME = AppIcon;
				INFOPLIST_FILE = MultiSelectExample/Info.plist;
				LD_RUNPATH_SEARCH_PATHS = "$(inherited) @executable_path/Frameworks";
				PRODUCT_NAME = "$(TARGET_NAME)";
			};
			name = Debug;
		};
		7B74E00F1B6B412F00A22D2D /* Release */ = {
			isa = XCBuildConfiguration;
			buildSettings = {
				ASSETCATALOG_COMPILER_APPICON_NAME = AppIcon;
				INFOPLIST_FILE = MultiSelectExample/Info.plist;
				LD_RUNPATH_SEARCH_PATHS = "$(inherited) @executable_path/Frameworks";
				PRODUCT_NAME = "$(TARGET_NAME)";
			};
			name = Release;
		};
		7B74E0111B6B412F00A22D2D /* Debug */ = {
			isa = XCBuildConfiguration;
			buildSettings = {
				BUNDLE_LOADER = "$(TEST_HOST)";
				FRAMEWORK_SEARCH_PATHS = (
					"$(SDKROOT)/Developer/Library/Frameworks",
					"$(inherited)",
				);
				GCC_PREPROCESSOR_DEFINITIONS = (
					"DEBUG=1",
					"$(inherited)",
				);
				INFOPLIST_FILE = MultiSelectExampleTests/Info.plist;
				LD_RUNPATH_SEARCH_PATHS = "$(inherited) @executable_path/Frameworks @loader_path/Frameworks";
				PRODUCT_NAME = "$(TARGET_NAME)";
				TEST_HOST = "$(BUILT_PRODUCTS_DIR)/MultiSelectExample.app/MultiSelectExample";
			};
			name = Debug;
		};
		7B74E0121B6B412F00A22D2D /* Release */ = {
			isa = XCBuildConfiguration;
			buildSettings = {
				BUNDLE_LOADER = "$(TEST_HOST)";
				FRAMEWORK_SEARCH_PATHS = (
					"$(SDKROOT)/Developer/Library/Frameworks",
					"$(inherited)",
				);
				INFOPLIST_FILE = MultiSelectExampleTests/Info.plist;
				LD_RUNPATH_SEARCH_PATHS = "$(inherited) @executable_path/Frameworks @loader_path/Frameworks";
				PRODUCT_NAME = "$(TARGET_NAME)";
				TEST_HOST = "$(BUILT_PRODUCTS_DIR)/MultiSelectExample.app/MultiSelectExample";
			};
			name = Release;
		};
/* End XCBuildConfiguration section */

/* Begin XCConfigurationList section */
		7B74DFE51B6B412F00A22D2D /* Build configuration list for PBXProject "MultiSelectExample" */ = {
			isa = XCConfigurationList;
			buildConfigurations = (
				7B74E00B1B6B412F00A22D2D /* Debug */,
				7B74E00C1B6B412F00A22D2D /* Release */,
			);
			defaultConfigurationIsVisible = 0;
			defaultConfigurationName = Release;
		};
		7B74E00D1B6B412F00A22D2D /* Build configuration list for PBXNativeTarget "MultiSelectExample" */ = {
			isa = XCConfigurationList;
			buildConfigurations = (
				7B74E00E1B6B412F00A22D2D /* Debug */,
				7B74E00F1B6B412F00A22D2D /* Release */,
			);
			defaultConfigurationIsVisible = 0;
		};
		7B74E0101B6B412F00A22D2D /* Build configuration list for PBXNativeTarget "MultiSelectExampleTests" */ = {
			isa = XCConfigurationList;
			buildConfigurations = (
				7B74E0111B6B412F00A22D2D /* Debug */,
				7B74E0121B6B412F00A22D2D /* Release */,
			);
			defaultConfigurationIsVisible = 0;
		};
/* End XCConfigurationList section */
	};
	rootObject = 7B74DFE21B6B412F00A22D2D /* Project object */;
}
